
Microsoft Visual Studio Solution File, Format Version 12.00
# Visual Studio 15
VisualStudioVersion = 15.0.27428.2037
MinimumVisualStudioVersion = 10.0.40219.1
Project("{159641D6-6404-4A2A-AE62-294DE0FE8301}") = "Project01", "Project01\Project01.dtproj", "{29ED3381-BC42-4015-8DA4-724317C91CBE}"
EndProject
Global
	GlobalSection(SolutionConfigurationPlatforms) = preSolution
		Development|Default = Development|Default
	EndGlobalSection
	GlobalSection(ProjectConfigurationPlatforms) = postSolution
		{29ED3381-BC42-4015-8DA4-724317C91CBE}.Development|Default.ActiveCfg = Development
		{29ED3381-BC42-4015-8DA4-724317C91CBE}.Development|Default.Build.0 = Development
	EndGlobalSection
	GlobalSection(SolutionProperties) = preSolution
		HideSolutionNode = FALSE
	EndGlobalSection
	GlobalSection(ExtensibilityGlobals) = postSolution
		SolutionGuid = {AB534DB1-E0A5-48E4-8819-D1E002A4DD2C}
	EndGlobalSection
EndGlobal
