
Microsoft Visual Studio Solution File, Format Version 12.00
# Visual Studio 14
VisualStudioVersion = 14.0.25420.1
MinimumVisualStudioVersion = 10.0.40219.1
Project("{159641D6-6404-4A2A-AE62-294DE0FE8301}") = "SSIS_Wprowadzenie", "SSIS_Wprowadzenie\SSIS_Wprowadzenie.dtproj", "{68F83DA3-D06B-4FF5-91B1-D126F65EE0D8}"
EndProject
Global
	GlobalSection(SolutionConfigurationPlatforms) = preSolution
		Development|Default = Development|Default
	EndGlobalSection
	GlobalSection(ProjectConfigurationPlatforms) = postSolution
		{68F83DA3-D06B-4FF5-91B1-D126F65EE0D8}.Development|Default.ActiveCfg = Development
		{68F83DA3-D06B-4FF5-91B1-D126F65EE0D8}.Development|Default.Build.0 = Development
	EndGlobalSection
	GlobalSection(SolutionProperties) = preSolution
		HideSolutionNode = FALSE
	EndGlobalSection
EndGlobal
